
Microsoft Visual Studio Solution File, Format Version 12.00
# Visual Studio Version 17
VisualStudioVersion = 17.4.33205.214
MinimumVisualStudioVersion = 10.0.40219.1
Project("{FAE04EC0-301F-11D3-BF4B-00C04F79EFBC}") = "Snake", "Snake\Snake.csproj", "{039A356B-FF18-4350-A3CD-E2B8734F70A5}"
EndProject
Global
	GlobalSection(SolutionConfigurationPlatforms) = preSolution
		Debug|Any CPU = Debug|Any CPU
		Release|Any CPU = Release|Any CPU
	EndGlobalSection
	GlobalSection(ProjectConfigurationPlatforms) = postSolution
		{039A356B-FF18-4350-A3CD-E2B8734F70A5}.Debug|Any CPU.ActiveCfg = Debug|Any CPU
		{039A356B-FF18-4350-A3CD-E2B8734F70A5}.Debug|Any CPU.Build.0 = Debug|Any CPU
		{039A356B-FF18-4350-A3CD-E2B8734F70A5}.Release|Any CPU.ActiveCfg = Release|Any CPU
		{039A356B-FF18-4350-A3CD-E2B8734F70A5}.Release|Any CPU.Build.0 = Release|Any CPU
	EndGlobalSection
	GlobalSection(SolutionProperties) = preSolution
		HideSolutionNode = FALSE
	EndGlobalSection
	GlobalSection(ExtensibilityGlobals) = postSolution
		SolutionGuid = {DF9DBCF2-18D8-4FBC-BC8B-D56ACA69B2BE}
	EndGlobalSection
EndGlobal
